
Microsoft Visual Studio Solution File, Format Version 12.00
# Visual Studio 15
VisualStudioVersion = 15.0.28010.2046
MinimumVisualStudioVersion = 10.0.40219.1
Project("{9A19103F-16F7-4668-BE54-9A1E7A4F7556}") = "ExchangeService", "ExchangeService\ExchangeService.csproj", "{9107804D-FFB9-41A6-A086-31593B9FF672}"
EndProject
Global
	GlobalSection(SolutionConfigurationPlatforms) = preSolution
		Debug|Any CPU = Debug|Any CPU
		Release|Any CPU = Release|Any CPU
	EndGlobalSection
	GlobalSection(ProjectConfigurationPlatforms) = postSolution
		{9107804D-FFB9-41A6-A086-31593B9FF672}.Debug|Any CPU.ActiveCfg = Debug|Any CPU
		{9107804D-FFB9-41A6-A086-31593B9FF672}.Debug|Any CPU.Build.0 = Debug|Any CPU
		{9107804D-FFB9-41A6-A086-31593B9FF672}.Release|Any CPU.ActiveCfg = Release|Any CPU
		{9107804D-FFB9-41A6-A086-31593B9FF672}.Release|Any CPU.Build.0 = Release|Any CPU
	EndGlobalSection
	GlobalSection(SolutionProperties) = preSolution
		HideSolutionNode = FALSE
	EndGlobalSection
	GlobalSection(ExtensibilityGlobals) = postSolution
		SolutionGuid = {AD963EAF-C880-48D4-B98A-FB4646A7D3D5}
	EndGlobalSection
EndGlobal
